// !$*UTF8*$!
{
	archiveVersion = 1;
	classes = {
	};
	objectVersion = 50;
	objects = {

/* Begin PBXBuildFile section */
		F82F72D6289A912F00BA3C96 /* AutoProgramModification.swift in Sources */ = {isa = PBXBuildFile; fileRef = F82F72D5289A912F00BA3C96 /* AutoProgramModification.swift */; };
		F82F72D7289A912F00BA3C96 /* AutoProgramModification.swift in Sources */ = {isa = PBXBuildFile; fileRef = F82F72D5289A912F00BA3C96 /* AutoProgramModification.swift */; };
		F85A93D2262035E800A761C9 /* Home.swift in Sources */ = {isa = PBXBuildFile; fileRef = F85A93D1262035E800A761C9 /* Home.swift */; };
		F85A93D3262035E800A761C9 /* Home.swift in Sources */ = {isa = PBXBuildFile; fileRef = F85A93D1262035E800A761C9 /* Home.swift */; };
		F872BDF228DF793B00656A11 /* AutomaticProgramCommand.swift in Sources */ = {isa = PBXBuildFile; fileRef = F872BDF128DF793B00656A11 /* AutomaticProgramCommand.swift */; };
		F872BDF328DF793B00656A11 /* AutomaticProgramCommand.swift in Sources */ = {isa = PBXBuildFile; fileRef = F872BDF128DF793B00656A11 /* AutomaticProgramCommand.swift */; };
		F897A6832625E6EC00F13965 /* MySlider.swift in Sources */ = {isa = PBXBuildFile; fileRef = F897A6822625E6EC00F13965 /* MySlider.swift */; };
		F897A6842625E6EC00F13965 /* MySlider.swift in Sources */ = {isa = PBXBuildFile; fileRef = F897A6822625E6EC00F13965 /* MySlider.swift */; };
		F898E67F261F8CCD007F0B68 /* ViewModel.swift in Sources */ = {isa = PBXBuildFile; fileRef = F898E67E261F8CCD007F0B68 /* ViewModel.swift */; };
		F898E680261F8CCD007F0B68 /* ViewModel.swift in Sources */ = {isa = PBXBuildFile; fileRef = F898E67E261F8CCD007F0B68 /* ViewModel.swift */; };
		F8C508CF289BBA19001F3037 /* AutomaticSteering.swift in Sources */ = {isa = PBXBuildFile; fileRef = F8C508CE289BBA19001F3037 /* AutomaticSteering.swift */; };
		F8C508D0289BBA19001F3037 /* AutomaticSteering.swift in Sources */ = {isa = PBXBuildFile; fileRef = F8C508CE289BBA19001F3037 /* AutomaticSteering.swift */; };
		F8C72AB0289AC749008D5690 /* ButtonOrProgress.swift in Sources */ = {isa = PBXBuildFile; fileRef = F8C72AAF289AC749008D5690 /* ButtonOrProgress.swift */; };
		F8C72AB1289AC749008D5690 /* ButtonOrProgress.swift in Sources */ = {isa = PBXBuildFile; fileRef = F8C72AAF289AC749008D5690 /* ButtonOrProgress.swift */; };
		F8C72AB3289AE27C008D5690 /* ManualSteering.swift in Sources */ = {isa = PBXBuildFile; fileRef = F8C72AB2289AE27C008D5690 /* ManualSteering.swift */; };
		F8C72AB4289AE27C008D5690 /* ManualSteering.swift in Sources */ = {isa = PBXBuildFile; fileRef = F8C72AB2289AE27C008D5690 /* ManualSteering.swift */; };
		F8D450A828911EB600AD9752 /* Platform.swift in Sources */ = {isa = PBXBuildFile; fileRef = F8D450A728911EB600AD9752 /* Platform.swift */; };
		F8D450A928911EB600AD9752 /* Platform.swift in Sources */ = {isa = PBXBuildFile; fileRef = F8D450A728911EB600AD9752 /* Platform.swift */; };
		F8D450AE2891697300AD9752 /* AutomaticProgramButton.swift in Sources */ = {isa = PBXBuildFile; fileRef = F8D450AD2891697300AD9752 /* AutomaticProgramButton.swift */; };
		F8D450AF2891697300AD9752 /* AutomaticProgramButton.swift in Sources */ = {isa = PBXBuildFile; fileRef = F8D450AD2891697300AD9752 /* AutomaticProgramButton.swift */; };
		F8D6B88728C3A2B500F65A21 /* StorageModel.xcdatamodeld in Sources */ = {isa = PBXBuildFile; fileRef = F8D6B88528C3A2B500F65A21 /* StorageModel.xcdatamodeld */; };
		F8D6B88828C3A2B500F65A21 /* StorageModel.xcdatamodeld in Sources */ = {isa = PBXBuildFile; fileRef = F8D6B88528C3A2B500F65A21 /* StorageModel.xcdatamodeld */; };
		F8D6B88B28C3A3E100F65A21 /* PersistenceController.swift in Sources */ = {isa = PBXBuildFile; fileRef = F8D6B88A28C3A3E100F65A21 /* PersistenceController.swift */; };
		F8D6B88C28C3A3E100F65A21 /* PersistenceController.swift in Sources */ = {isa = PBXBuildFile; fileRef = F8D6B88A28C3A3E100F65A21 /* PersistenceController.swift */; };
		F8FA133728908001002BCB16 /* HTTPCommunication.swift in Sources */ = {isa = PBXBuildFile; fileRef = F8FA133628908001002BCB16 /* HTTPCommunication.swift */; };
		F8FA133828908001002BCB16 /* HTTPCommunication.swift in Sources */ = {isa = PBXBuildFile; fileRef = F8FA133628908001002BCB16 /* HTTPCommunication.swift */; };
		F8FF6134261DA80400DC7785 /* RTRemoteApp.swift in Sources */ = {isa = PBXBuildFile; fileRef = F8FF610B261DA80200DC7785 /* RTRemoteApp.swift */; };
		F8FF6135261DA80400DC7785 /* RTRemoteApp.swift in Sources */ = {isa = PBXBuildFile; fileRef = F8FF610B261DA80200DC7785 /* RTRemoteApp.swift */; };
		F8FF6136261DA80400DC7785 /* ContentView.swift in Sources */ = {isa = PBXBuildFile; fileRef = F8FF610C261DA80200DC7785 /* ContentView.swift */; };
		F8FF6137261DA80400DC7785 /* ContentView.swift in Sources */ = {isa = PBXBuildFile; fileRef = F8FF610C261DA80200DC7785 /* ContentView.swift */; };
		F8FF6138261DA80400DC7785 /* Assets.xcassets in Resources */ = {isa = PBXBuildFile; fileRef = F8FF610D261DA80400DC7785 /* Assets.xcassets */; };
		F8FF6139261DA80400DC7785 /* Assets.xcassets in Resources */ = {isa = PBXBuildFile; fileRef = F8FF610D261DA80400DC7785 /* Assets.xcassets */; };
/* End PBXBuildFile section */

/* Begin PBXContainerItemProxy section */
		F8FF6123261DA80400DC7785 /* PBXContainerItemProxy */ = {
			isa = PBXContainerItemProxy;
			containerPortal = F8FF6106261DA80200DC7785 /* Project object */;
			proxyType = 1;
			remoteGlobalIDString = F8FF6111261DA80400DC7785;
			remoteInfo = "RTRemote (iOS)";
		};
		F8FF612E261DA80400DC7785 /* PBXContainerItemProxy */ = {
			isa = PBXContainerItemProxy;
			containerPortal = F8FF6106261DA80200DC7785 /* Project object */;
			proxyType = 1;
			remoteGlobalIDString = F8FF6119261DA80400DC7785;
			remoteInfo = "RTRemote (macOS)";
		};
/* End PBXContainerItemProxy section */

/* Begin PBXFileReference section */
		F82F72D5289A912F00BA3C96 /* AutoProgramModification.swift */ = {isa = PBXFileReference; lastKnownFileType = sourcecode.swift; path = AutoProgramModification.swift; sourceTree = "<group>"; };
		F85A93D1262035E800A761C9 /* Home.swift */ = {isa = PBXFileReference; lastKnownFileType = sourcecode.swift; path = Home.swift; sourceTree = "<group>"; };
		F872BDF128DF793B00656A11 /* AutomaticProgramCommand.swift */ = {isa = PBXFileReference; lastKnownFileType = sourcecode.swift; path = AutomaticProgramCommand.swift; sourceTree = "<group>"; };
		F897A6822625E6EC00F13965 /* MySlider.swift */ = {isa = PBXFileReference; lastKnownFileType = sourcecode.swift; path = MySlider.swift; sourceTree = "<group>"; };
		F898E67E261F8CCD007F0B68 /* ViewModel.swift */ = {isa = PBXFileReference; lastKnownFileType = sourcecode.swift; path = ViewModel.swift; sourceTree = "<group>"; };
		F8C508CE289BBA19001F3037 /* AutomaticSteering.swift */ = {isa = PBXFileReference; lastKnownFileType = sourcecode.swift; path = AutomaticSteering.swift; sourceTree = "<group>"; };
		F8C72AAF289AC749008D5690 /* ButtonOrProgress.swift */ = {isa = PBXFileReference; lastKnownFileType = sourcecode.swift; path = ButtonOrProgress.swift; sourceTree = "<group>"; };
		F8C72AB2289AE27C008D5690 /* ManualSteering.swift */ = {isa = PBXFileReference; lastKnownFileType = sourcecode.swift; path = ManualSteering.swift; sourceTree = "<group>"; };
		F8D450A728911EB600AD9752 /* Platform.swift */ = {isa = PBXFileReference; lastKnownFileType = sourcecode.swift; path = Platform.swift; sourceTree = "<group>"; };
		F8D450AD2891697300AD9752 /* AutomaticProgramButton.swift */ = {isa = PBXFileReference; lastKnownFileType = sourcecode.swift; path = AutomaticProgramButton.swift; sourceTree = "<group>"; };
		F8D6B88628C3A2B500F65A21 /* AutomaticProgramModel.xcdatamodel */ = {isa = PBXFileReference; lastKnownFileType = wrapper.xcdatamodel; path = AutomaticProgramModel.xcdatamodel; sourceTree = "<group>"; };
		F8D6B88A28C3A3E100F65A21 /* PersistenceController.swift */ = {isa = PBXFileReference; lastKnownFileType = sourcecode.swift; path = PersistenceController.swift; sourceTree = "<group>"; };
		F8FA133628908001002BCB16 /* HTTPCommunication.swift */ = {isa = PBXFileReference; lastKnownFileType = sourcecode.swift; path = HTTPCommunication.swift; sourceTree = "<group>"; };
		F8FF610B261DA80200DC7785 /* RTRemoteApp.swift */ = {isa = PBXFileReference; lastKnownFileType = sourcecode.swift; path = RTRemoteApp.swift; sourceTree = "<group>"; };
		F8FF610C261DA80200DC7785 /* ContentView.swift */ = {isa = PBXFileReference; lastKnownFileType = sourcecode.swift; path = ContentView.swift; sourceTree = "<group>"; };
		F8FF610D261DA80400DC7785 /* Assets.xcassets */ = {isa = PBXFileReference; lastKnownFileType = folder.assetcatalog; path = Assets.xcassets; sourceTree = "<group>"; };
		F8FF6112261DA80400DC7785 /* RTRemote.app */ = {isa = PBXFileReference; explicitFileType = wrapper.application; includeInIndex = 0; path = RTRemote.app; sourceTree = BUILT_PRODUCTS_DIR; };
		F8FF6115261DA80400DC7785 /* Info.plist */ = {isa = PBXFileReference; lastKnownFileType = text.plist.xml; path = Info.plist; sourceTree = "<group>"; };
		F8FF611A261DA80400DC7785 /* RTRemote.app */ = {isa = PBXFileReference; explicitFileType = wrapper.application; includeInIndex = 0; path = RTRemote.app; sourceTree = BUILT_PRODUCTS_DIR; };
		F8FF611C261DA80400DC7785 /* Info.plist */ = {isa = PBXFileReference; lastKnownFileType = text.plist.xml; path = Info.plist; sourceTree = "<group>"; };
		F8FF611D261DA80400DC7785 /* macOS.entitlements */ = {isa = PBXFileReference; lastKnownFileType = text.plist.entitlements; path = macOS.entitlements; sourceTree = "<group>"; };
		F8FF6122261DA80400DC7785 /* Tests iOS.xctest */ = {isa = PBXFileReference; explicitFileType = wrapper.cfbundle; includeInIndex = 0; path = "Tests iOS.xctest"; sourceTree = BUILT_PRODUCTS_DIR; };
		F8FF612D261DA80400DC7785 /* Tests macOS.xctest */ = {isa = PBXFileReference; explicitFileType = wrapper.cfbundle; includeInIndex = 0; path = "Tests macOS.xctest"; sourceTree = BUILT_PRODUCTS_DIR; };
/* End PBXFileReference section */

/* Begin PBXFrameworksBuildPhase section */
		F8FF610F261DA80400DC7785 /* Frameworks */ = {
			isa = PBXFrameworksBuildPhase;
			buildActionMask = 2147483647;
			files = (
			);
			runOnlyForDeploymentPostprocessing = 0;
		};
		F8FF6117261DA80400DC7785 /* Frameworks */ = {
			isa = PBXFrameworksBuildPhase;
			buildActionMask = 2147483647;
			files = (
			);
			runOnlyForDeploymentPostprocessing = 0;
		};
		F8FF611F261DA80400DC7785 /* Frameworks */ = {
			isa = PBXFrameworksBuildPhase;
			buildActionMask = 2147483647;
			files = (
			);
			runOnlyForDeploymentPostprocessing = 0;
		};
		F8FF612A261DA80400DC7785 /* Frameworks */ = {
			isa = PBXFrameworksBuildPhase;
			buildActionMask = 2147483647;
			files = (
			);
			runOnlyForDeploymentPostprocessing = 0;
		};
/* End PBXFrameworksBuildPhase section */

/* Begin PBXGroup section */
		F85A93CF262035BB00A761C9 /* View */ = {
			isa = PBXGroup;
			children = (
				F8C72AB6289B0A3A008D5690 /* Automatic */,
				F8C72AB5289B0A26008D5690 /* Manual */,
				F85A93D1262035E800A761C9 /* Home.swift */,
			);
			path = View;
			sourceTree = "<group>";
		};
		F85A93D0262035C000A761C9 /* ViewModel */ = {
			isa = PBXGroup;
			children = (
				F898E67E261F8CCD007F0B68 /* ViewModel.swift */,
			);
			path = ViewModel;
			sourceTree = "<group>";
		};
		F8C72AB5289B0A26008D5690 /* Manual */ = {
			isa = PBXGroup;
			children = (
				F897A6822625E6EC00F13965 /* MySlider.swift */,
				F8C72AB2289AE27C008D5690 /* ManualSteering.swift */,
			);
			path = Manual;
			sourceTree = "<group>";
		};
		F8C72AB6289B0A3A008D5690 /* Automatic */ = {
			isa = PBXGroup;
			children = (
				F8D450AD2891697300AD9752 /* AutomaticProgramButton.swift */,
				F82F72D5289A912F00BA3C96 /* AutoProgramModification.swift */,
				F8C72AAF289AC749008D5690 /* ButtonOrProgress.swift */,
				F8C508CE289BBA19001F3037 /* AutomaticSteering.swift */,
			);
			path = Automatic;
			sourceTree = "<group>";
		};
		F8D6B88928C3A3C800F65A21 /* Service */ = {
			isa = PBXGroup;
			children = (
				F8D6B88A28C3A3E100F65A21 /* PersistenceController.swift */,
			);
			path = Service;
			sourceTree = "<group>";
		};
		F8FA133528907FE8002BCB16 /* Model */ = {
			isa = PBXGroup;
			children = (
				F8FA133628908001002BCB16 /* HTTPCommunication.swift */,
				F8D450A728911EB600AD9752 /* Platform.swift */,
				F872BDF128DF793B00656A11 /* AutomaticProgramCommand.swift */,
			);
			path = Model;
			sourceTree = "<group>";
		};
		F8FF6105261DA80200DC7785 = {
			isa = PBXGroup;
			children = (
				F8FF610A261DA80200DC7785 /* Shared */,
				F8FF6114261DA80400DC7785 /* iOS */,
				F8FF611B261DA80400DC7785 /* macOS */,
				F8FF6113261DA80400DC7785 /* Products */,
			);
			sourceTree = "<group>";
		};
		F8FF610A261DA80200DC7785 /* Shared */ = {
			isa = PBXGroup;
			children = (
				F8D6B88928C3A3C800F65A21 /* Service */,
				F8FA133528907FE8002BCB16 /* Model */,
				F85A93D0262035C000A761C9 /* ViewModel */,
				F85A93CF262035BB00A761C9 /* View */,
				F8FF610B261DA80200DC7785 /* RTRemoteApp.swift */,
				F8FF610C261DA80200DC7785 /* ContentView.swift */,
				F8FF610D261DA80400DC7785 /* Assets.xcassets */,
				F8D6B88528C3A2B500F65A21 /* StorageModel.xcdatamodeld */,
			);
			path = Shared;
			sourceTree = "<group>";
		};
		F8FF6113261DA80400DC7785 /* Products */ = {
			isa = PBXGroup;
			children = (
				F8FF6112261DA80400DC7785 /* RTRemote.app */,
				F8FF611A261DA80400DC7785 /* RTRemote.app */,
				F8FF6122261DA80400DC7785 /* Tests iOS.xctest */,
				F8FF612D261DA80400DC7785 /* Tests macOS.xctest */,
			);
			name = Products;
			sourceTree = "<group>";
		};
		F8FF6114261DA80400DC7785 /* iOS */ = {
			isa = PBXGroup;
			children = (
				F8FF6115261DA80400DC7785 /* Info.plist */,
			);
			path = iOS;
			sourceTree = "<group>";
		};
		F8FF611B261DA80400DC7785 /* macOS */ = {
			isa = PBXGroup;
			children = (
				F8FF611C261DA80400DC7785 /* Info.plist */,
				F8FF611D261DA80400DC7785 /* macOS.entitlements */,
			);
			path = macOS;
			sourceTree = "<group>";
		};
/* End PBXGroup section */

/* Begin PBXNativeTarget section */
		F8FF6111261DA80400DC7785 /* RTRemote (iOS) */ = {
			isa = PBXNativeTarget;
			buildConfigurationList = F8FF613C261DA80400DC7785 /* Build configuration list for PBXNativeTarget "RTRemote (iOS)" */;
			buildPhases = (
				F8FF610E261DA80400DC7785 /* Sources */,
				F8FF610F261DA80400DC7785 /* Frameworks */,
				F8FF6110261DA80400DC7785 /* Resources */,
			);
			buildRules = (
			);
			dependencies = (
			);
			name = "RTRemote (iOS)";
			packageProductDependencies = (
			);
			productName = "RTRemote (iOS)";
			productReference = F8FF6112261DA80400DC7785 /* RTRemote.app */;
			productType = "com.apple.product-type.application";
		};
		F8FF6119261DA80400DC7785 /* RTRemote (macOS) */ = {
			isa = PBXNativeTarget;
			buildConfigurationList = F8FF613F261DA80400DC7785 /* Build configuration list for PBXNativeTarget "RTRemote (macOS)" */;
			buildPhases = (
				F8FF6116261DA80400DC7785 /* Sources */,
				F8FF6117261DA80400DC7785 /* Frameworks */,
				F8FF6118261DA80400DC7785 /* Resources */,
			);
			buildRules = (
			);
			dependencies = (
			);
			name = "RTRemote (macOS)";
			productName = "RTRemote (macOS)";
			productReference = F8FF611A261DA80400DC7785 /* RTRemote.app */;
			productType = "com.apple.product-type.application";
		};
		F8FF6121261DA80400DC7785 /* Tests iOS */ = {
			isa = PBXNativeTarget;
			buildConfigurationList = F8FF6142261DA80400DC7785 /* Build configuration list for PBXNativeTarget "Tests iOS" */;
			buildPhases = (
				F8FF611E261DA80400DC7785 /* Sources */,
				F8FF611F261DA80400DC7785 /* Frameworks */,
				F8FF6120261DA80400DC7785 /* Resources */,
			);
			buildRules = (
			);
			dependencies = (
				F8FF6124261DA80400DC7785 /* PBXTargetDependency */,
			);
			name = "Tests iOS";
			productName = "Tests iOS";
			productReference = F8FF6122261DA80400DC7785 /* Tests iOS.xctest */;
			productType = "com.apple.product-type.bundle.ui-testing";
		};
		F8FF612C261DA80400DC7785 /* Tests macOS */ = {
			isa = PBXNativeTarget;
			buildConfigurationList = F8FF6145261DA80400DC7785 /* Build configuration list for PBXNativeTarget "Tests macOS" */;
			buildPhases = (
				F8FF6129261DA80400DC7785 /* Sources */,
				F8FF612A261DA80400DC7785 /* Frameworks */,
				F8FF612B261DA80400DC7785 /* Resources */,
			);
			buildRules = (
			);
			dependencies = (
				F8FF612F261DA80400DC7785 /* PBXTargetDependency */,
			);
			name = "Tests macOS";
			productName = "Tests macOS";
			productReference = F8FF612D261DA80400DC7785 /* Tests macOS.xctest */;
			productType = "com.apple.product-type.bundle.ui-testing";
		};
/* End PBXNativeTarget section */

/* Begin PBXProject section */
		F8FF6106261DA80200DC7785 /* Project object */ = {
			isa = PBXProject;
			attributes = {
				LastSwiftUpdateCheck = 1240;
				LastUpgradeCheck = 1400;
				TargetAttributes = {
					F8FF6111261DA80400DC7785 = {
						CreatedOnToolsVersion = 12.4;
					};
					F8FF6119261DA80400DC7785 = {
						CreatedOnToolsVersion = 12.4;
					};
					F8FF6121261DA80400DC7785 = {
						CreatedOnToolsVersion = 12.4;
						TestTargetID = F8FF6111261DA80400DC7785;
					};
					F8FF612C261DA80400DC7785 = {
						CreatedOnToolsVersion = 12.4;
						TestTargetID = F8FF6119261DA80400DC7785;
					};
				};
			};
			buildConfigurationList = F8FF6109261DA80200DC7785 /* Build configuration list for PBXProject "RTRemote" */;
			compatibilityVersion = "Xcode 9.3";
			developmentRegion = en;
			hasScannedForEncodings = 0;
			knownRegions = (
				en,
				Base,
			);
			mainGroup = F8FF6105261DA80200DC7785;
			packageReferences = (
			);
			productRefGroup = F8FF6113261DA80400DC7785 /* Products */;
			projectDirPath = "";
			projectRoot = "";
			targets = (
				F8FF6111261DA80400DC7785 /* RTRemote (iOS) */,
				F8FF6119261DA80400DC7785 /* RTRemote (macOS) */,
				F8FF6121261DA80400DC7785 /* Tests iOS */,
				F8FF612C261DA80400DC7785 /* Tests macOS */,
			);
		};
/* End PBXProject section */

/* Begin PBXResourcesBuildPhase section */
		F8FF6110261DA80400DC7785 /* Resources */ = {
			isa = PBXResourcesBuildPhase;
			buildActionMask = 2147483647;
			files = (
				F8FF6138261DA80400DC7785 /* Assets.xcassets in Resources */,
			);
			runOnlyForDeploymentPostprocessing = 0;
		};
		F8FF6118261DA80400DC7785 /* Resources */ = {
			isa = PBXResourcesBuildPhase;
			buildActionMask = 2147483647;
			files = (
				F8FF6139261DA80400DC7785 /* Assets.xcassets in Resources */,
			);
			runOnlyForDeploymentPostprocessing = 0;
		};
		F8FF6120261DA80400DC7785 /* Resources */ = {
			isa = PBXResourcesBuildPhase;
			buildActionMask = 2147483647;
			files = (
			);
			runOnlyForDeploymentPostprocessing = 0;
		};
		F8FF612B261DA80400DC7785 /* Resources */ = {
			isa = PBXResourcesBuildPhase;
			buildActionMask = 2147483647;
			files = (
			);
			runOnlyForDeploymentPostprocessing = 0;
		};
/* End PBXResourcesBuildPhase section */

/* Begin PBXSourcesBuildPhase section */
		F8FF610E261DA80400DC7785 /* Sources */ = {
			isa = PBXSourcesBuildPhase;
			buildActionMask = 2147483647;
			files = (
				F8D6B88B28C3A3E100F65A21 /* PersistenceController.swift in Sources */,
				F8D450AE2891697300AD9752 /* AutomaticProgramButton.swift in Sources */,
				F8D450A828911EB600AD9752 /* Platform.swift in Sources */,
				F8C508CF289BBA19001F3037 /* AutomaticSteering.swift in Sources */,
				F82F72D6289A912F00BA3C96 /* AutoProgramModification.swift in Sources */,
				F8D6B88728C3A2B500F65A21 /* StorageModel.xcdatamodeld in Sources */,
				F8FA133728908001002BCB16 /* HTTPCommunication.swift in Sources */,
				F8C72AB0289AC749008D5690 /* ButtonOrProgress.swift in Sources */,
				F897A6832625E6EC00F13965 /* MySlider.swift in Sources */,
				F8FF6136261DA80400DC7785 /* ContentView.swift in Sources */,
				F898E67F261F8CCD007F0B68 /* ViewModel.swift in Sources */,
				F85A93D2262035E800A761C9 /* Home.swift in Sources */,
				F8FF6134261DA80400DC7785 /* RTRemoteApp.swift in Sources */,
				F8C72AB3289AE27C008D5690 /* ManualSteering.swift in Sources */,
				F872BDF228DF793B00656A11 /* AutomaticProgramCommand.swift in Sources */,
			);
			runOnlyForDeploymentPostprocessing = 0;
		};
		F8FF6116261DA80400DC7785 /* Sources */ = {
			isa = PBXSourcesBuildPhase;
			buildActionMask = 2147483647;
			files = (
				F8D6B88C28C3A3E100F65A21 /* PersistenceController.swift in Sources */,
				F8D450AF2891697300AD9752 /* AutomaticProgramButton.swift in Sources */,
				F8D450A928911EB600AD9752 /* Platform.swift in Sources */,
				F8C508D0289BBA19001F3037 /* AutomaticSteering.swift in Sources */,
				F82F72D7289A912F00BA3C96 /* AutoProgramModification.swift in Sources */,
				F8D6B88828C3A2B500F65A21 /* StorageModel.xcdatamodeld in Sources */,
				F8FA133828908001002BCB16 /* HTTPCommunication.swift in Sources */,
				F8C72AB1289AC749008D5690 /* ButtonOrProgress.swift in Sources */,
				F897A6842625E6EC00F13965 /* MySlider.swift in Sources */,
				F8FF6137261DA80400DC7785 /* ContentView.swift in Sources */,
				F898E680261F8CCD007F0B68 /* ViewModel.swift in Sources */,
				F85A93D3262035E800A761C9 /* Home.swift in Sources */,
				F8FF6135261DA80400DC7785 /* RTRemoteApp.swift in Sources */,
				F8C72AB4289AE27C008D5690 /* ManualSteering.swift in Sources */,
				F872BDF328DF793B00656A11 /* AutomaticProgramCommand.swift in Sources */,
			);
			runOnlyForDeploymentPostprocessing = 0;
		};
		F8FF611E261DA80400DC7785 /* Sources */ = {
			isa = PBXSourcesBuildPhase;
			buildActionMask = 2147483647;
			files = (
			);
			runOnlyForDeploymentPostprocessing = 0;
		};
		F8FF6129261DA80400DC7785 /* Sources */ = {
			isa = PBXSourcesBuildPhase;
			buildActionMask = 2147483647;
			files = (
			);
			runOnlyForDeploymentPostprocessing = 0;
		};
/* End PBXSourcesBuildPhase section */

/* Begin PBXTargetDependency section */
		F8FF6124261DA80400DC7785 /* PBXTargetDependency */ = {
			isa = PBXTargetDependency;
			target = F8FF6111261DA80400DC7785 /* RTRemote (iOS) */;
			targetProxy = F8FF6123261DA80400DC7785 /* PBXContainerItemProxy */;
		};
		F8FF612F261DA80400DC7785 /* PBXTargetDependency */ = {
			isa = PBXTargetDependency;
			target = F8FF6119261DA80400DC7785 /* RTRemote (macOS) */;
			targetProxy = F8FF612E261DA80400DC7785 /* PBXContainerItemProxy */;
		};
/* End PBXTargetDependency section */

/* Begin XCBuildConfiguration section */
		F8FF613A261DA80400DC7785 /* Debug */ = {
			isa = XCBuildConfiguration;
			buildSettings = {
				ALWAYS_SEARCH_USER_PATHS = NO;
				CLANG_ANALYZER_NONNULL = YES;
				CLANG_ANALYZER_NUMBER_OBJECT_CONVERSION = YES_AGGRESSIVE;
				CLANG_CXX_LANGUAGE_STANDARD = "gnu++14";
				CLANG_CXX_LIBRARY = "libc++";
				CLANG_ENABLE_MODULES = YES;
				CLANG_ENABLE_OBJC_ARC = YES;
				CLANG_ENABLE_OBJC_WEAK = YES;
				CLANG_WARN_BLOCK_CAPTURE_AUTORELEASING = YES;
				CLANG_WARN_BOOL_CONVERSION = YES;
				CLANG_WARN_COMMA = YES;
				CLANG_WARN_CONSTANT_CONVERSION = YES;
				CLANG_WARN_DEPRECATED_OBJC_IMPLEMENTATIONS = YES;
				CLANG_WARN_DIRECT_OBJC_ISA_USAGE = YES_ERROR;
				CLANG_WARN_DOCUMENTATION_COMMENTS = YES;
				CLANG_WARN_EMPTY_BODY = YES;
				CLANG_WARN_ENUM_CONVERSION = YES;
				CLANG_WARN_INFINITE_RECURSION = YES;
				CLANG_WARN_INT_CONVERSION = YES;
				CLANG_WARN_NON_LITERAL_NULL_CONVERSION = YES;
				CLANG_WARN_OBJC_IMPLICIT_RETAIN_SELF = YES;
				CLANG_WARN_OBJC_LITERAL_CONVERSION = YES;
				CLANG_WARN_OBJC_ROOT_CLASS = YES_ERROR;
				CLANG_WARN_QUOTED_INCLUDE_IN_FRAMEWORK_HEADER = YES;
				CLANG_WARN_RANGE_LOOP_ANALYSIS = YES;
				CLANG_WARN_STRICT_PROTOTYPES = YES;
				CLANG_WARN_SUSPICIOUS_MOVE = YES;
				CLANG_WARN_UNGUARDED_AVAILABILITY = YES_AGGRESSIVE;
				CLANG_WARN_UNREACHABLE_CODE = YES;
				CLANG_WARN__DUPLICATE_METHOD_MATCH = YES;
				COPY_PHASE_STRIP = NO;
				DEAD_CODE_STRIPPING = YES;
				DEBUG_INFORMATION_FORMAT = dwarf;
				ENABLE_STRICT_OBJC_MSGSEND = YES;
				ENABLE_TESTABILITY = YES;
				GCC_C_LANGUAGE_STANDARD = gnu11;
				GCC_DYNAMIC_NO_PIC = NO;
				GCC_NO_COMMON_BLOCKS = YES;
				GCC_OPTIMIZATION_LEVEL = 0;
				GCC_PREPROCESSOR_DEFINITIONS = (
					"DEBUG=1",
					"$(inherited)",
				);
				GCC_WARN_64_TO_32_BIT_CONVERSION = YES;
				GCC_WARN_ABOUT_RETURN_TYPE = YES_ERROR;
				GCC_WARN_UNDECLARED_SELECTOR = YES;
				GCC_WARN_UNINITIALIZED_AUTOS = YES_AGGRESSIVE;
				GCC_WARN_UNUSED_FUNCTION = YES;
				GCC_WARN_UNUSED_VARIABLE = YES;
				IPHONEOS_DEPLOYMENT_TARGET = 16.0;
				MACOSX_DEPLOYMENT_TARGET = 11.3;
				MTL_ENABLE_DEBUG_INFO = INCLUDE_SOURCE;
				MTL_FAST_MATH = YES;
				ONLY_ACTIVE_ARCH = YES;
				SWIFT_ACTIVE_COMPILATION_CONDITIONS = DEBUG;
				SWIFT_ENABLE_BATCH_MODE = NO;
				SWIFT_OPTIMIZATION_LEVEL = "-Onone";
			};
			name = Debug;
		};
		F8FF613B261DA80400DC7785 /* Release */ = {
			isa = XCBuildConfiguration;
			buildSettings = {
				ALWAYS_SEARCH_USER_PATHS = NO;
				CLANG_ANALYZER_NONNULL = YES;
				CLANG_ANALYZER_NUMBER_OBJECT_CONVERSION = YES_AGGRESSIVE;
				CLANG_CXX_LANGUAGE_STANDARD = "gnu++14";
				CLANG_CXX_LIBRARY = "libc++";
				CLANG_ENABLE_MODULES = YES;
				CLANG_ENABLE_OBJC_ARC = YES;
				CLANG_ENABLE_OBJC_WEAK = YES;
				CLANG_WARN_BLOCK_CAPTURE_AUTORELEASING = YES;
				CLANG_WARN_BOOL_CONVERSION = YES;
				CLANG_WARN_COMMA = YES;
				CLANG_WARN_CONSTANT_CONVERSION = YES;
				CLANG_WARN_DEPRECATED_OBJC_IMPLEMENTATIONS = YES;
				CLANG_WARN_DIRECT_OBJC_ISA_USAGE = YES_ERROR;
				CLANG_WARN_DOCUMENTATION_COMMENTS = YES;
				CLANG_WARN_EMPTY_BODY = YES;
				CLANG_WARN_ENUM_CONVERSION = YES;
				CLANG_WARN_INFINITE_RECURSION = YES;
				CLANG_WARN_INT_CONVERSION = YES;
				CLANG_WARN_NON_LITERAL_NULL_CONVERSION = YES;
				CLANG_WARN_OBJC_IMPLICIT_RETAIN_SELF = YES;
				CLANG_WARN_OBJC_LITERAL_CONVERSION = YES;
				CLANG_WARN_OBJC_ROOT_CLASS = YES_ERROR;
				CLANG_WARN_QUOTED_INCLUDE_IN_FRAMEWORK_HEADER = YES;
				CLANG_WARN_RANGE_LOOP_ANALYSIS = YES;
				CLANG_WARN_STRICT_PROTOTYPES = YES;
				CLANG_WARN_SUSPICIOUS_MOVE = YES;
				CLANG_WARN_UNGUARDED_AVAILABILITY = YES_AGGRESSIVE;
				CLANG_WARN_UNREACHABLE_CODE = YES;
				CLANG_WARN__DUPLICATE_METHOD_MATCH = YES;
				COPY_PHASE_STRIP = NO;
				DEAD_CODE_STRIPPING = YES;
				DEBUG_INFORMATION_FORMAT = "dwarf-with-dsym";
				ENABLE_NS_ASSERTIONS = NO;
				ENABLE_STRICT_OBJC_MSGSEND = YES;
				GCC_C_LANGUAGE_STANDARD = gnu11;
				GCC_NO_COMMON_BLOCKS = YES;
				GCC_WARN_64_TO_32_BIT_CONVERSION = YES;
				GCC_WARN_ABOUT_RETURN_TYPE = YES_ERROR;
				GCC_WARN_UNDECLARED_SELECTOR = YES;
				GCC_WARN_UNINITIALIZED_AUTOS = YES_AGGRESSIVE;
				GCC_WARN_UNUSED_FUNCTION = YES;
				GCC_WARN_UNUSED_VARIABLE = YES;
				IPHONEOS_DEPLOYMENT_TARGET = 16.0;
				MACOSX_DEPLOYMENT_TARGET = 11.3;
				MTL_ENABLE_DEBUG_INFO = NO;
				MTL_FAST_MATH = YES;
				ONLY_ACTIVE_ARCH = NO;
				SWIFT_COMPILATION_MODE = wholemodule;
				SWIFT_ENABLE_BATCH_MODE = NO;
				SWIFT_OPTIMIZATION_LEVEL = "-Onone";
			};
			name = Release;
		};
		F8FF613D261DA80400DC7785 /* Debug */ = {
			isa = XCBuildConfiguration;
			buildSettings = {
				ASSETCATALOG_COMPILER_APPICON_NAME = AppIcon;
				ASSETCATALOG_COMPILER_GLOBAL_ACCENT_COLOR_NAME = AccentColor;
				CODE_SIGN_STYLE = Automatic;
				DEVELOPMENT_TEAM = 35MK3E7S5B;
				ENABLE_PREVIEWS = YES;
				INFOPLIST_FILE = iOS/Info.plist;
				INFOPLIST_KEY_LSApplicationCategoryType = "public.app-category.utilities";
				IPHONEOS_DEPLOYMENT_TARGET = 16.0;
				LD_RUNPATH_SEARCH_PATHS = (
					"$(inherited)",
					"@executable_path/Frameworks",
				);
				MARKETING_VERSION = 1.1;
				PRODUCT_BUNDLE_IDENTIFIER = com.stefanwalser.RTRemote;
				PRODUCT_NAME = RTRemote;
				SDKROOT = iphoneos;
				SWIFT_VERSION = 5.0;
				TARGETED_DEVICE_FAMILY = "1,2";
			};
			name = Debug;
		};
		F8FF613E261DA80400DC7785 /* Release */ = {
			isa = XCBuildConfiguration;
			buildSettings = {
				ASSETCATALOG_COMPILER_APPICON_NAME = AppIcon;
				ASSETCATALOG_COMPILER_GLOBAL_ACCENT_COLOR_NAME = AccentColor;
				CODE_SIGN_STYLE = Automatic;
				DEVELOPMENT_TEAM = 35MK3E7S5B;
				ENABLE_PREVIEWS = YES;
				INFOPLIST_FILE = iOS/Info.plist;
				INFOPLIST_KEY_LSApplicationCategoryType = "public.app-category.utilities";
				IPHONEOS_DEPLOYMENT_TARGET = 16.0;
				LD_RUNPATH_SEARCH_PATHS = (
					"$(inherited)",
					"@executable_path/Frameworks",
				);
				MARKETING_VERSION = 1.1;
				PRODUCT_BUNDLE_IDENTIFIER = com.stefanwalser.RTRemote;
				PRODUCT_NAME = RTRemote;
				SDKROOT = iphoneos;
				SWIFT_VERSION = 5.0;
				TARGETED_DEVICE_FAMILY = "1,2";
				VALIDATE_PRODUCT = YES;
			};
			name = Release;
		};
		F8FF6140261DA80400DC7785 /* Debug */ = {
			isa = XCBuildConfiguration;
			buildSettings = {
				ASSETCATALOG_COMPILER_APPICON_NAME = AppIcon;
				ASSETCATALOG_COMPILER_GLOBAL_ACCENT_COLOR_NAME = AccentColor;
				CODE_SIGN_ENTITLEMENTS = macOS/macOS.entitlements;
				CODE_SIGN_IDENTITY = "-";
				CODE_SIGN_STYLE = Automatic;
				COMBINE_HIDPI_IMAGES = YES;
				DEAD_CODE_STRIPPING = YES;
				DEVELOPMENT_TEAM = 35MK3E7S5B;
				ENABLE_HARDENED_RUNTIME = YES;
				ENABLE_PREVIEWS = YES;
				INFOPLIST_FILE = macOS/Info.plist;
				LD_RUNPATH_SEARCH_PATHS = (
					"$(inherited)",
					"@executable_path/../Frameworks",
				);
				MACOSX_DEPLOYMENT_TARGET = 11.0;
				MARKETING_VERSION = 1.1;
				PRODUCT_BUNDLE_IDENTIFIER = com.stefanwalser.RTRemote;
				PRODUCT_NAME = RTRemote;
				SDKROOT = macosx;
				SWIFT_VERSION = 5.0;
			};
			name = Debug;
		};
		F8FF6141261DA80400DC7785 /* Release */ = {
			isa = XCBuildConfiguration;
			buildSettings = {
				ASSETCATALOG_COMPILER_APPICON_NAME = AppIcon;
				ASSETCATALOG_COMPILER_GLOBAL_ACCENT_COLOR_NAME = AccentColor;
				CODE_SIGN_ENTITLEMENTS = macOS/macOS.entitlements;
				CODE_SIGN_IDENTITY = "-";
				CODE_SIGN_STYLE = Automatic;
				COMBINE_HIDPI_IMAGES = YES;
				DEAD_CODE_STRIPPING = YES;
				DEVELOPMENT_TEAM = 35MK3E7S5B;
				ENABLE_HARDENED_RUNTIME = YES;
				ENABLE_PREVIEWS = YES;
				INFOPLIST_FILE = macOS/Info.plist;
				LD_RUNPATH_SEARCH_PATHS = (
					"$(inherited)",
					"@executable_path/../Frameworks",
				);
				MACOSX_DEPLOYMENT_TARGET = 11.0;
				MARKETING_VERSION = 1.1;
				PRODUCT_BUNDLE_IDENTIFIER = com.stefanwalser.RTRemote;
				PRODUCT_NAME = RTRemote;
				SDKROOT = macosx;
				SWIFT_VERSION = 5.0;
			};
			name = Release;
		};
		F8FF6143261DA80400DC7785 /* Debug */ = {
			isa = XCBuildConfiguration;
			buildSettings = {
				ALWAYS_EMBED_SWIFT_STANDARD_LIBRARIES = YES;
				CODE_SIGN_STYLE = Automatic;
				DEVELOPMENT_TEAM = 35MK3E7S5B;
				INFOPLIST_FILE = "Tests iOS/Info.plist";
				IPHONEOS_DEPLOYMENT_TARGET = 14.4;
				LD_RUNPATH_SEARCH_PATHS = (
					"$(inherited)",
					"@executable_path/Frameworks",
					"@loader_path/Frameworks",
				);
				PRODUCT_BUNDLE_IDENTIFIER = "com.stefanwalser.Tests-iOS";
				PRODUCT_NAME = "$(TARGET_NAME)";
				SDKROOT = iphoneos;
				SWIFT_VERSION = 5.0;
				TARGETED_DEVICE_FAMILY = "1,2";
				TEST_TARGET_NAME = "RTRemote (iOS)";
			};
			name = Debug;
		};
		F8FF6144261DA80400DC7785 /* Release */ = {
			isa = XCBuildConfiguration;
			buildSettings = {
				ALWAYS_EMBED_SWIFT_STANDARD_LIBRARIES = YES;
				CODE_SIGN_STYLE = Automatic;
				DEVELOPMENT_TEAM = 35MK3E7S5B;
				INFOPLIST_FILE = "Tests iOS/Info.plist";
				IPHONEOS_DEPLOYMENT_TARGET = 14.4;
				LD_RUNPATH_SEARCH_PATHS = (
					"$(inherited)",
					"@executable_path/Frameworks",
					"@loader_path/Frameworks",
				);
				PRODUCT_BUNDLE_IDENTIFIER = "com.stefanwalser.Tests-iOS";
				PRODUCT_NAME = "$(TARGET_NAME)";
				SDKROOT = iphoneos;
				SWIFT_VERSION = 5.0;
				TARGETED_DEVICE_FAMILY = "1,2";
				TEST_TARGET_NAME = "RTRemote (iOS)";
				VALIDATE_PRODUCT = YES;
			};
			name = Release;
		};
		F8FF6146261DA80400DC7785 /* Debug */ = {
			isa = XCBuildConfiguration;
			buildSettings = {
				ALWAYS_EMBED_SWIFT_STANDARD_LIBRARIES = YES;
				CODE_SIGN_STYLE = Automatic;
				COMBINE_HIDPI_IMAGES = YES;
				DEAD_CODE_STRIPPING = YES;
				DEVELOPMENT_TEAM = 35MK3E7S5B;
				INFOPLIST_FILE = "Tests macOS/Info.plist";
				LD_RUNPATH_SEARCH_PATHS = (
					"$(inherited)",
					"@executable_path/../Frameworks",
					"@loader_path/../Frameworks",
				);
				MACOSX_DEPLOYMENT_TARGET = 11.1;
				PRODUCT_BUNDLE_IDENTIFIER = "com.stefanwalser.Tests-macOS";
				PRODUCT_NAME = "$(TARGET_NAME)";
				SDKROOT = macosx;
				SWIFT_VERSION = 5.0;
				TEST_TARGET_NAME = "RTRemote (macOS)";
			};
			name = Debug;
		};
		F8FF6147261DA80400DC7785 /* Release */ = {
			isa = XCBuildConfiguration;
			buildSettings = {
				ALWAYS_EMBED_SWIFT_STANDARD_LIBRARIES = YES;
				CODE_SIGN_STYLE = Automatic;
				COMBINE_HIDPI_IMAGES = YES;
				DEAD_CODE_STRIPPING = YES;
				DEVELOPMENT_TEAM = 35MK3E7S5B;
				INFOPLIST_FILE = "Tests macOS/Info.plist";
				LD_RUNPATH_SEARCH_PATHS = (
					"$(inherited)",
					"@executable_path/../Frameworks",
					"@loader_path/../Frameworks",
				);
				MACOSX_DEPLOYMENT_TARGET = 11.1;
				PRODUCT_BUNDLE_IDENTIFIER = "com.stefanwalser.Tests-macOS";
				PRODUCT_NAME = "$(TARGET_NAME)";
				SDKROOT = macosx;
				SWIFT_VERSION = 5.0;
				TEST_TARGET_NAME = "RTRemote (macOS)";
			};
			name = Release;
		};
/* End XCBuildConfiguration section */

/* Begin XCConfigurationList section */
		F8FF6109261DA80200DC7785 /* Build configuration list for PBXProject "RTRemote" */ = {
			isa = XCConfigurationList;
			buildConfigurations = (
				F8FF613A261DA80400DC7785 /* Debug */,
				F8FF613B261DA80400DC7785 /* Release */,
			);
			defaultConfigurationIsVisible = 0;
			defaultConfigurationName = Debug;
		};
		F8FF613C261DA80400DC7785 /* Build configuration list for PBXNativeTarget "RTRemote (iOS)" */ = {
			isa = XCConfigurationList;
			buildConfigurations = (
				F8FF613D261DA80400DC7785 /* Debug */,
				F8FF613E261DA80400DC7785 /* Release */,
			);
			defaultConfigurationIsVisible = 0;
			defaultConfigurationName = Debug;
		};
		F8FF613F261DA80400DC7785 /* Build configuration list for PBXNativeTarget "RTRemote (macOS)" */ = {
			isa = XCConfigurationList;
			buildConfigurations = (
				F8FF6140261DA80400DC7785 /* Debug */,
				F8FF6141261DA80400DC7785 /* Release */,
			);
			defaultConfigurationIsVisible = 0;
			defaultConfigurationName = Debug;
		};
		F8FF6142261DA80400DC7785 /* Build configuration list for PBXNativeTarget "Tests iOS" */ = {
			isa = XCConfigurationList;
			buildConfigurations = (
				F8FF6143261DA80400DC7785 /* Debug */,
				F8FF6144261DA80400DC7785 /* Release */,
			);
			defaultConfigurationIsVisible = 0;
			defaultConfigurationName = Debug;
		};
		F8FF6145261DA80400DC7785 /* Build configuration list for PBXNativeTarget "Tests macOS" */ = {
			isa = XCConfigurationList;
			buildConfigurations = (
				F8FF6146261DA80400DC7785 /* Debug */,
				F8FF6147261DA80400DC7785 /* Release */,
			);
			defaultConfigurationIsVisible = 0;
			defaultConfigurationName = Debug;
		};
/* End XCConfigurationList section */

/* Begin XCVersionGroup section */
		F8D6B88528C3A2B500F65A21 /* StorageModel.xcdatamodeld */ = {
			isa = XCVersionGroup;
			children = (
				F8D6B88628C3A2B500F65A21 /* AutomaticProgramModel.xcdatamodel */,
			);
			currentVersion = F8D6B88628C3A2B500F65A21 /* AutomaticProgramModel.xcdatamodel */;
			path = StorageModel.xcdatamodeld;
			sourceTree = "<group>";
			versionGroupType = wrapper.xcdatamodel;
		};
/* End XCVersionGroup section */
	};
	rootObject = F8FF6106261DA80200DC7785 /* Project object */;
}
